// !$*UTF8*$!
{
	archiveVersion = 1;
	classes = {
	};
	objectVersion = 50;
	objects = {

/* Begin PBXBuildFile section */
		96A5235A252CFDC600239AD5 /* AppDelegate.swift in Sources */ = {isa = PBXBuildFile; fileRef = 96A52359252CFDC600239AD5 /* AppDelegate.swift */; };
		96A5235C252CFDC600239AD5 /* SceneDelegate.swift in Sources */ = {isa = PBXBuildFile; fileRef = 96A5235B252CFDC600239AD5 /* SceneDelegate.swift */; };
		96A5235E252CFDC600239AD5 /* ViewController.swift in Sources */ = {isa = PBXBuildFile; fileRef = 96A5235D252CFDC600239AD5 /* ViewController.swift */; };
		96A52361252CFDC600239AD5 /* Main.storyboard in Resources */ = {isa = PBXBuildFile; fileRef = 96A5235F252CFDC600239AD5 /* Main.storyboard */; };
		96A52363252CFDC700239AD5 /* Assets.xcassets in Resources */ = {isa = PBXBuildFile; fileRef = 96A52362252CFDC700239AD5 /* Assets.xcassets */; };
		96A52366252CFDC700239AD5 /* LaunchScreen.storyboard in Resources */ = {isa = PBXBuildFile; fileRef = 96A52364252CFDC700239AD5 /* LaunchScreen.storyboard */; };
		96A52371252CFDC700239AD5 /* DocumentScannerTests.swift in Sources */ = {isa = PBXBuildFile; fileRef = 96A52370252CFDC700239AD5 /* DocumentScannerTests.swift */; };
		96A5237C252CFDC700239AD5 /* DocumentScannerUITests.swift in Sources */ = {isa = PBXBuildFile; fileRef = 96A5237B252CFDC700239AD5 /* DocumentScannerUITests.swift */; };
/* End PBXBuildFile section */

/* Begin PBXContainerItemProxy section */
		96A5236D252CFDC700239AD5 /* PBXContainerItemProxy */ = {
			isa = PBXContainerItemProxy;
			containerPortal = 96A5234E252CFDC600239AD5 /* Project object */;
			proxyType = 1;
			remoteGlobalIDString = 96A52355252CFDC600239AD5;
			remoteInfo = DocumentScanner;
		};
		96A52378252CFDC700239AD5 /* PBXContainerItemProxy */ = {
			isa = PBXContainerItemProxy;
			containerPortal = 96A5234E252CFDC600239AD5 /* Project object */;
			proxyType = 1;
			remoteGlobalIDString = 96A52355252CFDC600239AD5;
			remoteInfo = DocumentScanner;
		};
/* End PBXContainerItemProxy section */

/* Begin PBXFileReference section */
		96A52356252CFDC600239AD5 /* DocumentScanner.app */ = {isa = PBXFileReference; explicitFileType = wrapper.application; includeInIndex = 0; path = DocumentScanner.app; sourceTree = BUILT_PRODUCTS_DIR; };
		96A52359252CFDC600239AD5 /* AppDelegate.swift */ = {isa = PBXFileReference; lastKnownFileType = sourcecode.swift; path = AppDelegate.swift; sourceTree = "<group>"; };
		96A5235B252CFDC600239AD5 /* SceneDelegate.swift */ = {isa = PBXFileReference; lastKnownFileType = sourcecode.swift; path = SceneDelegate.swift; sourceTree = "<group>"; };
		96A5235D252CFDC600239AD5 /* ViewController.swift */ = {isa = PBXFileReference; lastKnownFileType = sourcecode.swift; path = ViewController.swift; sourceTree = "<group>"; };
		96A52360252CFDC600239AD5 /* Base */ = {isa = PBXFileReference; lastKnownFileType = file.storyboard; name = Base; path = Base.lproj/Main.storyboard; sourceTree = "<group>"; };
		96A52362252CFDC700239AD5 /* Assets.xcassets */ = {isa = PBXFileReference; lastKnownFileType = folder.assetcatalog; path = Assets.xcassets; sourceTree = "<group>"; };
		96A52365252CFDC700239AD5 /* Base */ = {isa = PBXFileReference; lastKnownFileType = file.storyboard; name = Base; path = Base.lproj/LaunchScreen.storyboard; sourceTree = "<group>"; };
		96A52367252CFDC700239AD5 /* Info.plist */ = {isa = PBXFileReference; lastKnownFileType = text.plist.xml; path = Info.plist; sourceTree = "<group>"; };
		96A5236C252CFDC700239AD5 /* DocumentScannerTests.xctest */ = {isa = PBXFileReference; explicitFileType = wrapper.cfbundle; includeInIndex = 0; path = DocumentScannerTests.xctest; sourceTree = BUILT_PRODUCTS_DIR; };
		96A52370252CFDC700239AD5 /* DocumentScannerTests.swift */ = {isa = PBXFileReference; lastKnownFileType = sourcecode.swift; path = DocumentScannerTests.swift; sourceTree = "<group>"; };
		96A52372252CFDC700239AD5 /* Info.plist */ = {isa = PBXFileReference; lastKnownFileType = text.plist.xml; path = Info.plist; sourceTree = "<group>"; };
		96A52377252CFDC700239AD5 /* DocumentScannerUITests.xctest */ = {isa = PBXFileReference; explicitFileType = wrapper.cfbundle; includeInIndex = 0; path = DocumentScannerUITests.xctest; sourceTree = BUILT_PRODUCTS_DIR; };
		96A5237B252CFDC700239AD5 /* DocumentScannerUITests.swift */ = {isa = PBXFileReference; lastKnownFileType = sourcecode.swift; path = DocumentScannerUITests.swift; sourceTree = "<group>"; };
		96A5237D252CFDC700239AD5 /* Info.plist */ = {isa = PBXFileReference; lastKnownFileType = text.plist.xml; path = Info.plist; sourceTree = "<group>"; };
/* End PBXFileReference section */

/* Begin PBXFrameworksBuildPhase section */
		96A52353252CFDC600239AD5 /* Frameworks */ = {
			isa = PBXFrameworksBuildPhase;
			buildActionMask = 2147483647;
			files = (
			);
			runOnlyForDeploymentPostprocessing = 0;
		};
		96A52369252CFDC700239AD5 /* Frameworks */ = {
			isa = PBXFrameworksBuildPhase;
			buildActionMask = 2147483647;
			files = (
			);
			runOnlyForDeploymentPostprocessing = 0;
		};
		96A52374252CFDC700239AD5 /* Frameworks */ = {
			isa = PBXFrameworksBuildPhase;
			buildActionMask = 2147483647;
			files = (
			);
			runOnlyForDeploymentPostprocessing = 0;
		};
/* End PBXFrameworksBuildPhase section */

/* Begin PBXGroup section */
		96A5234D252CFDC600239AD5 = {
			isa = PBXGroup;
			children = (
				96A52358252CFDC600239AD5 /* DocumentScanner */,
				96A5236F252CFDC700239AD5 /* DocumentScannerTests */,
				96A5237A252CFDC700239AD5 /* DocumentScannerUITests */,
				96A52357252CFDC600239AD5 /* Products */,
			);
			sourceTree = "<group>";
		};
		96A52357252CFDC600239AD5 /* Products */ = {
			isa = PBXGroup;
			children = (
				96A52356252CFDC600239AD5 /* DocumentScanner.app */,
				96A5236C252CFDC700239AD5 /* DocumentScannerTests.xctest */,
				96A52377252CFDC700239AD5 /* DocumentScannerUITests.xctest */,
			);
			name = Products;
			sourceTree = "<group>";
		};
		96A52358252CFDC600239AD5 /* DocumentScanner */ = {
			isa = PBXGroup;
			children = (
				96A52359252CFDC600239AD5 /* AppDelegate.swift */,
				96A5235B252CFDC600239AD5 /* SceneDelegate.swift */,
				96A5235D252CFDC600239AD5 /* ViewController.swift */,
				96A5235F252CFDC600239AD5 /* Main.storyboard */,
				96A52362252CFDC700239AD5 /* Assets.xcassets */,
				96A52364252CFDC700239AD5 /* LaunchScreen.storyboard */,
				96A52367252CFDC700239AD5 /* Info.plist */,
			);
			path = DocumentScanner;
			sourceTree = "<group>";
		};
		96A5236F252CFDC700239AD5 /* DocumentScannerTests */ = {
			isa = PBXGroup;
			children = (
				96A52370252CFDC700239AD5 /* DocumentScannerTests.swift */,
				96A52372252CFDC700239AD5 /* Info.plist */,
			);
			path = DocumentScannerTests;
			sourceTree = "<group>";
		};
		96A5237A252CFDC700239AD5 /* DocumentScannerUITests */ = {
			isa = PBXGroup;
			children = (
				96A5237B252CFDC700239AD5 /* DocumentScannerUITests.swift */,
				96A5237D252CFDC700239AD5 /* Info.plist */,
			);
			path = DocumentScannerUITests;
			sourceTree = "<group>";
		};
/* End PBXGroup section */

/* Begin PBXNativeTarget section */
		96A52355252CFDC600239AD5 /* DocumentScanner */ = {
			isa = PBXNativeTarget;
			buildConfigurationList = 96A52380252CFDC700239AD5 /* Build configuration list for PBXNativeTarget "DocumentScanner" */;
			buildPhases = (
				96A52352252CFDC600239AD5 /* Sources */,
				96A52353252CFDC600239AD5 /* Frameworks */,
				96A52354252CFDC600239AD5 /* Resources */,
			);
			buildRules = (
			);
			dependencies = (
			);
			name = DocumentScanner;
			productName = DocumentScanner;
			productReference = 96A52356252CFDC600239AD5 /* DocumentScanner.app */;
			productType = "com.apple.product-type.application";
		};
		96A5236B252CFDC700239AD5 /* DocumentScannerTests */ = {
			isa = PBXNativeTarget;
			buildConfigurationList = 96A52383252CFDC700239AD5 /* Build configuration list for PBXNativeTarget "DocumentScannerTests" */;
			buildPhases = (
				96A52368252CFDC700239AD5 /* Sources */,
				96A52369252CFDC700239AD5 /* Frameworks */,
				96A5236A252CFDC700239AD5 /* Resources */,
			);
			buildRules = (
			);
			dependencies = (
				96A5236E252CFDC700239AD5 /* PBXTargetDependency */,
			);
			name = DocumentScannerTests;
			productName = DocumentScannerTests;
			productReference = 96A5236C252CFDC700239AD5 /* DocumentScannerTests.xctest */;
			productType = "com.apple.product-type.bundle.unit-test";
		};
		96A52376252CFDC700239AD5 /* DocumentScannerUITests */ = {
			isa = PBXNativeTarget;
			buildConfigurationList = 96A52386252CFDC700239AD5 /* Build configuration list for PBXNativeTarget "DocumentScannerUITests" */;
			buildPhases = (
				96A52373252CFDC700239AD5 /* Sources */,
				96A52374252CFDC700239AD5 /* Frameworks */,
				96A52375252CFDC700239AD5 /* Resources */,
			);
			buildRules = (
			);
			dependencies = (
				96A52379252CFDC700239AD5 /* PBXTargetDependency */,
			);
			name = DocumentScannerUITests;
			productName = DocumentScannerUITests;
			productReference = 96A52377252CFDC700239AD5 /* DocumentScannerUITests.xctest */;
			productType = "com.apple.product-type.bundle.ui-testing";
		};
/* End PBXNativeTarget section */

/* Begin PBXProject section */
		96A5234E252CFDC600239AD5 /* Project object */ = {
			isa = PBXProject;
			attributes = {
				LastSwiftUpdateCheck = 1200;
				LastUpgradeCheck = 1200;
				TargetAttributes = {
					96A52355252CFDC600239AD5 = {
						CreatedOnToolsVersion = 12.0.1;
					};
					96A5236B252CFDC700239AD5 = {
						CreatedOnToolsVersion = 12.0.1;
						TestTargetID = 96A52355252CFDC600239AD5;
					};
					96A52376252CFDC700239AD5 = {
						CreatedOnToolsVersion = 12.0.1;
						TestTargetID = 96A52355252CFDC600239AD5;
					};
				};
			};
			buildConfigurationList = 96A52351252CFDC600239AD5 /* Build configuration list for PBXProject "DocumentScanner" */;
			compatibilityVersion = "Xcode 9.3";
			developmentRegion = en;
			hasScannedForEncodings = 0;
			knownRegions = (
				en,
				Base,
			);
			mainGroup = 96A5234D252CFDC600239AD5;
			productRefGroup = 96A52357252CFDC600239AD5 /* Products */;
			projectDirPath = "";
			projectRoot = "";
			targets = (
				96A52355252CFDC600239AD5 /* DocumentScanner */,
				96A5236B252CFDC700239AD5 /* DocumentScannerTests */,
				96A52376252CFDC700239AD5 /* DocumentScannerUITests */,
			);
		};
/* End PBXProject section */

/* Begin PBXResourcesBuildPhase section */
		96A52354252CFDC600239AD5 /* Resources */ = {
			isa = PBXResourcesBuildPhase;
			buildActionMask = 2147483647;
			files = (
				96A52366252CFDC700239AD5 /* LaunchScreen.storyboard in Resources */,
				96A52363252CFDC700239AD5 /* Assets.xcassets in Resources */,
				96A52361252CFDC600239AD5 /* Main.storyboard in Resources */,
			);
			runOnlyForDeploymentPostprocessing = 0;
		};
		96A5236A252CFDC700239AD5 /* Resources */ = {
			isa = PBXResourcesBuildPhase;
			buildActionMask = 2147483647;
			files = (
			);
			runOnlyForDeploymentPostprocessing = 0;
		};
		96A52375252CFDC700239AD5 /* Resources */ = {
			isa = PBXResourcesBuildPhase;
			buildActionMask = 2147483647;
			files = (
			);
			runOnlyForDeploymentPostprocessing = 0;
		};
/* End PBXResourcesBuildPhase section */

/* Begin PBXSourcesBuildPhase section */
		96A52352252CFDC600239AD5 /* Sources */ = {
			isa = PBXSourcesBuildPhase;
			buildActionMask = 2147483647;
			files = (
				96A5235E252CFDC600239AD5 /* ViewController.swift in Sources */,
				96A5235A252CFDC600239AD5 /* AppDelegate.swift in Sources */,
				96A5235C252CFDC600239AD5 /* SceneDelegate.swift in Sources */,
			);
			runOnlyForDeploymentPostprocessing = 0;
		};
		96A52368252CFDC700239AD5 /* Sources */ = {
			isa = PBXSourcesBuildPhase;
			buildActionMask = 2147483647;
			files = (
				96A52371252CFDC700239AD5 /* DocumentScannerTests.swift in Sources */,
			);
			runOnlyForDeploymentPostprocessing = 0;
		};
		96A52373252CFDC700239AD5 /* Sources */ = {
			isa = PBXSourcesBuildPhase;
			buildActionMask = 2147483647;
			files = (
				96A5237C252CFDC700239AD5 /* DocumentScannerUITests.swift in Sources */,
			);
			runOnlyForDeploymentPostprocessing = 0;
		};
/* End PBXSourcesBuildPhase section */

/* Begin PBXTargetDependency section */
		96A5236E252CFDC700239AD5 /* PBXTargetDependency */ = {
			isa = PBXTargetDependency;
			target = 96A52355252CFDC600239AD5 /* DocumentScanner */;
			targetProxy = 96A5236D252CFDC700239AD5 /* PBXContainerItemProxy */;
		};
		96A52379252CFDC700239AD5 /* PBXTargetDependency */ = {
			isa = PBXTargetDependency;
			target = 96A52355252CFDC600239AD5 /* DocumentScanner */;
			targetProxy = 96A52378252CFDC700239AD5 /* PBXContainerItemProxy */;
		};
/* End PBXTargetDependency section */

/* Begin PBXVariantGroup section */
		96A5235F252CFDC600239AD5 /* Main.storyboard */ = {
			isa = PBXVariantGroup;
			children = (
				96A52360252CFDC600239AD5 /* Base */,
			);
			name = Main.storyboard;
			sourceTree = "<group>";
		};
		96A52364252CFDC700239AD5 /* LaunchScreen.storyboard */ = {
			isa = PBXVariantGroup;
			children = (
				96A52365252CFDC700239AD5 /* Base */,
			);
			name = LaunchScreen.storyboard;
			sourceTree = "<group>";
		};
/* End PBXVariantGroup section */

/* Begin XCBuildConfiguration section */
		96A5237E252CFDC700239AD5 /* Debug */ = {
			isa = XCBuildConfiguration;
			buildSettings = {
				ALWAYS_SEARCH_USER_PATHS = NO;
				CLANG_ANALYZER_NONNULL = YES;
				CLANG_ANALYZER_NUMBER_OBJECT_CONVERSION = YES_AGGRESSIVE;
				CLANG_CXX_LANGUAGE_STANDARD = "gnu++14";
				CLANG_CXX_LIBRARY = "libc++";
				CLANG_ENABLE_MODULES = YES;
				CLANG_ENABLE_OBJC_ARC = YES;
				CLANG_ENABLE_OBJC_WEAK = YES;
				CLANG_WARN_BLOCK_CAPTURE_AUTORELEASING = YES;
				CLANG_WARN_BOOL_CONVERSION = YES;
				CLANG_WARN_COMMA = YES;
				CLANG_WARN_CONSTANT_CONVERSION = YES;
				CLANG_WARN_DEPRECATED_OBJC_IMPLEMENTATIONS = YES;
				CLANG_WARN_DIRECT_OBJC_ISA_USAGE = YES_ERROR;
				CLANG_WARN_DOCUMENTATION_COMMENTS = YES;
				CLANG_WARN_EMPTY_BODY = YES;
				CLANG_WARN_ENUM_CONVERSION = YES;
				CLANG_WARN_INFINITE_RECURSION = YES;
				CLANG_WARN_INT_CONVERSION = YES;
				CLANG_WARN_NON_LITERAL_NULL_CONVERSION = YES;
				CLANG_WARN_OBJC_IMPLICIT_RETAIN_SELF = YES;
				CLANG_WARN_OBJC_LITERAL_CONVERSION = YES;
				CLANG_WARN_OBJC_ROOT_CLASS = YES_ERROR;
				CLANG_WARN_QUOTED_INCLUDE_IN_FRAMEWORK_HEADER = YES;
				CLANG_WARN_RANGE_LOOP_ANALYSIS = YES;
				CLANG_WARN_STRICT_PROTOTYPES = YES;
				CLANG_WARN_SUSPICIOUS_MOVE = YES;
				CLANG_WARN_UNGUARDED_AVAILABILITY = YES_AGGRESSIVE;
				CLANG_WARN_UNREACHABLE_CODE = YES;
				CLANG_WARN__DUPLICATE_METHOD_MATCH = YES;
				COPY_PHASE_STRIP = NO;
				DEBUG_INFORMATION_FORMAT = dwarf;
				ENABLE_STRICT_OBJC_MSGSEND = YES;
				ENABLE_TESTABILITY = YES;
				GCC_C_LANGUAGE_STANDARD = gnu11;
				GCC_DYNAMIC_NO_PIC = NO;
				GCC_NO_COMMON_BLOCKS = YES;
				GCC_OPTIMIZATION_LEVEL = 0;
				GCC_PREPROCESSOR_DEFINITIONS = (
					"DEBUG=1",
					"$(inherited)",
				);
				GCC_WARN_64_TO_32_BIT_CONVERSION = YES;
				GCC_WARN_ABOUT_RETURN_TYPE = YES_ERROR;
				GCC_WARN_UNDECLARED_SELECTOR = YES;
				GCC_WARN_UNINITIALIZED_AUTOS = YES_AGGRESSIVE;
				GCC_WARN_UNUSED_FUNCTION = YES;
				GCC_WARN_UNUSED_VARIABLE = YES;
				IPHONEOS_DEPLOYMENT_TARGET = 14.0;
				MTL_ENABLE_DEBUG_INFO = INCLUDE_SOURCE;
				MTL_FAST_MATH = YES;
				ONLY_ACTIVE_ARCH = YES;
				SDKROOT = iphoneos;
				SWIFT_ACTIVE_COMPILATION_CONDITIONS = DEBUG;
				SWIFT_OPTIMIZATION_LEVEL = "-Onone";
			};
			name = Debug;
		};
		96A5237F252CFDC700239AD5 /* Release */ = {
			isa = XCBuildConfiguration;
			buildSettings = {
				ALWAYS_SEARCH_USER_PATHS = NO;
				CLANG_ANALYZER_NONNULL = YES;
				CLANG_ANALYZER_NUMBER_OBJECT_CONVERSION = YES_AGGRESSIVE;
				CLANG_CXX_LANGUAGE_STANDARD = "gnu++14";
				CLANG_CXX_LIBRARY = "libc++";
				CLANG_ENABLE_MODULES = YES;
				CLANG_ENABLE_OBJC_ARC = YES;
				CLANG_ENABLE_OBJC_WEAK = YES;
				CLANG_WARN_BLOCK_CAPTURE_AUTORELEASING = YES;
				CLANG_WARN_BOOL_CONVERSION = YES;
				CLANG_WARN_COMMA = YES;
				CLANG_WARN_CONSTANT_CONVERSION = YES;
				CLANG_WARN_DEPRECATED_OBJC_IMPLEMENTATIONS = YES;
				CLANG_WARN_DIRECT_OBJC_ISA_USAGE = YES_ERROR;
				CLANG_WARN_DOCUMENTATION_COMMENTS = YES;
				CLANG_WARN_EMPTY_BODY = YES;
				CLANG_WARN_ENUM_CONVERSION = YES;
				CLANG_WARN_INFINITE_RECURSION = YES;
				CLANG_WARN_INT_CONVERSION = YES;
				CLANG_WARN_NON_LITERAL_NULL_CONVERSION = YES;
				CLANG_WARN_OBJC_IMPLICIT_RETAIN_SELF = YES;
				CLANG_WARN_OBJC_LITERAL_CONVERSION = YES;
				CLANG_WARN_OBJC_ROOT_CLASS = YES_ERROR;
				CLANG_WARN_QUOTED_INCLUDE_IN_FRAMEWORK_HEADER = YES;
				CLANG_WARN_RANGE_LOOP_ANALYSIS = YES;
				CLANG_WARN_STRICT_PROTOTYPES = YES;
				CLANG_WARN_SUSPICIOUS_MOVE = YES;
				CLANG_WARN_UNGUARDED_AVAILABILITY = YES_AGGRESSIVE;
				CLANG_WARN_UNREACHABLE_CODE = YES;
				CLANG_WARN__DUPLICATE_METHOD_MATCH = YES;
				COPY_PHASE_STRIP = NO;
				DEBUG_INFORMATION_FORMAT = "dwarf-with-dsym";
				ENABLE_NS_ASSERTIONS = NO;
				ENABLE_STRICT_OBJC_MSGSEND = YES;
				GCC_C_LANGUAGE_STANDARD = gnu11;
				GCC_NO_COMMON_BLOCKS = YES;
				GCC_WARN_64_TO_32_BIT_CONVERSION = YES;
				GCC_WARN_ABOUT_RETURN_TYPE = YES_ERROR;
				GCC_WARN_UNDECLARED_SELECTOR = YES;
				GCC_WARN_UNINITIALIZED_AUTOS = YES_AGGRESSIVE;
				GCC_WARN_UNUSED_FUNCTION = YES;
				GCC_WARN_UNUSED_VARIABLE = YES;
				IPHONEOS_DEPLOYMENT_TARGET = 14.0;
				MTL_ENABLE_DEBUG_INFO = NO;
				MTL_FAST_MATH = YES;
				SDKROOT = iphoneos;
				SWIFT_COMPILATION_MODE = wholemodule;
				SWIFT_OPTIMIZATION_LEVEL = "-O";
				VALIDATE_PRODUCT = YES;
			};
			name = Release;
		};
		96A52381252CFDC700239AD5 /* Debug */ = {
			isa = XCBuildConfiguration;
			buildSettings = {
				ASSETCATALOG_COMPILER_APPICON_NAME = AppIcon;
				ASSETCATALOG_COMPILER_GLOBAL_ACCENT_COLOR_NAME = AccentColor;
				CODE_SIGN_STYLE = Automatic;
				DEVELOPMENT_TEAM = 5P662H3S28;
				INFOPLIST_FILE = DocumentScanner/Info.plist;
				LD_RUNPATH_SEARCH_PATHS = (
					"$(inherited)",
					"@executable_path/Frameworks",
				);
				PRODUCT_BUNDLE_IDENTIFIER = net.bulamu.DocumentScanner;
				PRODUCT_NAME = "$(TARGET_NAME)";
				SWIFT_VERSION = 5.0;
				TARGETED_DEVICE_FAMILY = "1,2";
			};
			name = Debug;
		};
		96A52382252CFDC700239AD5 /* Release */ = {
			isa = XCBuildConfiguration;
			buildSettings = {
				ASSETCATALOG_COMPILER_APPICON_NAME = AppIcon;
				ASSETCATALOG_COMPILER_GLOBAL_ACCENT_COLOR_NAME = AccentColor;
				CODE_SIGN_STYLE = Automatic;
				DEVELOPMENT_TEAM = 5P662H3S28;
				INFOPLIST_FILE = DocumentScanner/Info.plist;
				LD_RUNPATH_SEARCH_PATHS = (
					"$(inherited)",
					"@executable_path/Frameworks",
				);
				PRODUCT_BUNDLE_IDENTIFIER = net.bulamu.DocumentScanner;
				PRODUCT_NAME = "$(TARGET_NAME)";
				SWIFT_VERSION = 5.0;
				TARGETED_DEVICE_FAMILY = "1,2";
			};
			name = Release;
		};
		96A52384252CFDC700239AD5 /* Debug */ = {
			isa = XCBuildConfiguration;
			buildSettings = {
				ALWAYS_EMBED_SWIFT_STANDARD_LIBRARIES = YES;
				BUNDLE_LOADER = "$(TEST_HOST)";
				CODE_SIGN_STYLE = Automatic;
				DEVELOPMENT_TEAM = 5P662H3S28;
				INFOPLIST_FILE = DocumentScannerTests/Info.plist;
				IPHONEOS_DEPLOYMENT_TARGET = 14.0;
				LD_RUNPATH_SEARCH_PATHS = (
					"$(inherited)",
					"@executable_path/Frameworks",
					"@loader_path/Frameworks",
				);
				PRODUCT_BUNDLE_IDENTIFIER = net.bulamu.DocumentScannerTests;
				PRODUCT_NAME = "$(TARGET_NAME)";
				SWIFT_VERSION = 5.0;
				TARGETED_DEVICE_FAMILY = "1,2";
				TEST_HOST = "$(BUILT_PRODUCTS_DIR)/DocumentScanner.app/DocumentScanner";
			};
			name = Debug;
		};
		96A52385252CFDC700239AD5 /* Release */ = {
			isa = XCBuildConfiguration;
			buildSettings = {
				ALWAYS_EMBED_SWIFT_STANDARD_LIBRARIES = YES;
				BUNDLE_LOADER = "$(TEST_HOST)";
				CODE_SIGN_STYLE = Automatic;
				DEVELOPMENT_TEAM = 5P662H3S28;
				INFOPLIST_FILE = DocumentScannerTests/Info.plist;
				IPHONEOS_DEPLOYMENT_TARGET = 14.0;
				LD_RUNPATH_SEARCH_PATHS = (
					"$(inherited)",
					"@executable_path/Frameworks",
					"@loader_path/Frameworks",
				);
				PRODUCT_BUNDLE_IDENTIFIER = net.bulamu.DocumentScannerTests;
				PRODUCT_NAME = "$(TARGET_NAME)";
				SWIFT_VERSION = 5.0;
				TARGETED_DEVICE_FAMILY = "1,2";
				TEST_HOST = "$(BUILT_PRODUCTS_DIR)/DocumentScanner.app/DocumentScanner";
			};
			name = Release;
		};
		96A52387252CFDC700239AD5 /* Debug */ = {
			isa = XCBuildConfiguration;
			buildSettings = {
				ALWAYS_EMBED_SWIFT_STANDARD_LIBRARIES = YES;
				CODE_SIGN_STYLE = Automatic;
				DEVELOPMENT_TEAM = 5P662H3S28;
				INFOPLIST_FILE = DocumentScannerUITests/Info.plist;
				LD_RUNPATH_SEARCH_PATHS = (
					"$(inherited)",
					"@executable_path/Frameworks",
					"@loader_path/Frameworks",
				);
				PRODUCT_BUNDLE_IDENTIFIER = net.bulamu.DocumentScannerUITests;
				PRODUCT_NAME = "$(TARGET_NAME)";
				SWIFT_VERSION = 5.0;
				TARGETED_DEVICE_FAMILY = "1,2";
				TEST_TARGET_NAME = DocumentScanner;
			};
			name = Debug;
		};
		96A52388252CFDC700239AD5 /* Release */ = {
			isa = XCBuildConfiguration;
			buildSettings = {
				ALWAYS_EMBED_SWIFT_STANDARD_LIBRARIES = YES;
				CODE_SIGN_STYLE = Automatic;
				DEVELOPMENT_TEAM = 5P662H3S28;
				INFOPLIST_FILE = DocumentScannerUITests/Info.plist;
				LD_RUNPATH_SEARCH_PATHS = (
					"$(inherited)",
					"@executable_path/Frameworks",
					"@loader_path/Frameworks",
				);
				PRODUCT_BUNDLE_IDENTIFIER = net.bulamu.DocumentScannerUITests;
				PRODUCT_NAME = "$(TARGET_NAME)";
				SWIFT_VERSION = 5.0;
				TARGETED_DEVICE_FAMILY = "1,2";
				TEST_TARGET_NAME = DocumentScanner;
			};
			name = Release;
		};
/* End XCBuildConfiguration section */

/* Begin XCConfigurationList section */
		96A52351252CFDC600239AD5 /* Build configuration list for PBXProject "DocumentScanner" */ = {
			isa = XCConfigurationList;
			buildConfigurations = (
				96A5237E252CFDC700239AD5 /* Debug */,
				96A5237F252CFDC700239AD5 /* Release */,
			);
			defaultConfigurationIsVisible = 0;
			defaultConfigurationName = Release;
		};
		96A52380252CFDC700239AD5 /* Build configuration list for PBXNativeTarget "DocumentScanner" */ = {
			isa = XCConfigurationList;
			buildConfigurations = (
				96A52381252CFDC700239AD5 /* Debug */,
				96A52382252CFDC700239AD5 /* Release */,
			);
			defaultConfigurationIsVisible = 0;
			defaultConfigurationName = Release;
		};
		96A52383252CFDC700239AD5 /* Build configuration list for PBXNativeTarget "DocumentScannerTests" */ = {
			isa = XCConfigurationList;
			buildConfigurations = (
				96A52384252CFDC700239AD5 /* Debug */,
				96A52385252CFDC700239AD5 /* Release */,
			);
			defaultConfigurationIsVisible = 0;
			defaultConfigurationName = Release;
		};
		96A52386252CFDC700239AD5 /* Build configuration list for PBXNativeTarget "DocumentScannerUITests" */ = {
			isa = XCConfigurationList;
			buildConfigurations = (
				96A52387252CFDC700239AD5 /* Debug */,
				96A52388252CFDC700239AD5 /* Release */,
			);
			defaultConfigurationIsVisible = 0;
			defaultConfigurationName = Release;
		};
/* End XCConfigurationList section */
	};
	rootObject = 96A5234E252CFDC600239AD5 /* Project object */;
}
